
Microsoft Visual Studio Solution File, Format Version 12.00
Project("{FAE04EC0-301F-11D3-BF4B-00C04F79EFBC}") = "MyLibraryApp", "MyLibraryApp\MyLibraryApp.csproj", "{AA6E708D-A612-4328-AC86-78E5CEEFEF32}"
EndProject
Project("{FAE04EC0-301F-11D3-BF4B-00C04F79EFBC}") = "MyLibraryApp.Shared", "MyLibraryApp.Shared\MyLibraryApp.Shared.csproj", "{FBCF553B-0D4B-4B2D-88B5-0AF36F42517D}"
EndProject
Global
	GlobalSection(SolutionConfigurationPlatforms) = preSolution
		Debug|Any CPU = Debug|Any CPU
		Release|Any CPU = Release|Any CPU
	EndGlobalSection
	GlobalSection(ProjectConfigurationPlatforms) = postSolution
		{AA6E708D-A612-4328-AC86-78E5CEEFEF32}.Debug|Any CPU.ActiveCfg = Debug|Any CPU
		{AA6E708D-A612-4328-AC86-78E5CEEFEF32}.Debug|Any CPU.Build.0 = Debug|Any CPU
		{AA6E708D-A612-4328-AC86-78E5CEEFEF32}.Release|Any CPU.ActiveCfg = Release|Any CPU
		{AA6E708D-A612-4328-AC86-78E5CEEFEF32}.Release|Any CPU.Build.0 = Release|Any CPU
		{FBCF553B-0D4B-4B2D-88B5-0AF36F42517D}.Debug|Any CPU.ActiveCfg = Debug|Any CPU
		{FBCF553B-0D4B-4B2D-88B5-0AF36F42517D}.Debug|Any CPU.Build.0 = Debug|Any CPU
		{FBCF553B-0D4B-4B2D-88B5-0AF36F42517D}.Release|Any CPU.ActiveCfg = Release|Any CPU
		{FBCF553B-0D4B-4B2D-88B5-0AF36F42517D}.Release|Any CPU.Build.0 = Release|Any CPU
	EndGlobalSection
EndGlobal
